<?xml version="1.0" encoding="utf-8"?>
<Project ToolsVersion="4.0" xmlns="http://schemas.microsoft.com/developer/msbuild/2003">
  <ItemGroup>
    <Filter Include="Source Files">
      <UniqueIdentifier>{4FC737F1-C7A5-4376-A066-2A32D752A2FF}</UniqueIdentifier>
      <Extensions>cpp;c;cc;cxx;c++;cppm;ixx;def;odl;idl;hpj;bat;asm;asmx</Extensions>
    </Filter>
    <Filter Include="Header Files">
      <UniqueIdentifier>{93995380-89BD-4b04-88EB-625FBE52EBFB}</UniqueIdentifier>
      <Extensions>h;hh;hpp;hxx;h++;hm;inl;inc;ipp;xsd</Extensions>
    </Filter>
    <Filter Include="Resource Files">
      <UniqueIdentifier>{67DA6AB6-F800-4c08-8B7A-83BB121AAD01}</UniqueIdentifier>
      <Extensions>rc;ico;cur;bmp;dlg;rc2;rct;bin;rgs;gif;jpg;jpeg;jpe;resx;tiff;tif;png;wav;mfcribbon-ms</Extensions>
    </Filter>
    <Filter Include="Header Files\3D View">
      <UniqueIdentifier>{d8039ac9-a07f-4243-9491-5af28908ba62}</UniqueIdentifier>
    </Filter>
    <Filter Include="Source Files\3D View">
      <UniqueIdentifier>{e54492e9-1090-4100-b2da-9fd8f3bf8b30}</UniqueIdentifier>
    </Filter>
  </ItemGroup>
  <ItemGroup>
    <ClCompile Include="OpenCAGELevelViewer.cpp">
      <Filter>Source Files</Filter>
    </ClCompile>
    <ClCompile Include="LevelManager.cpp">
      <Filter>Source Files</Filter>
    </ClCompile>
    <ClCompile Include="WebsocketThread.cpp">
      <Filter>Source Files</Filter>
    </ClCompile>
    <ClCompile Include="3DView.cpp">
      <Filter>Source Files</Filter>
    </ClCompile>
    <ClCompile Include="Shader.cpp">
      <Filter>Source Files\3D View</Filter>
    </ClCompile>
  </ItemGroup>
  <ItemGroup>
    <ClInclude Include="LevelManager.h">
      <Filter>Header Files</Filter>
    </ClInclude>
    <ClInclude Include="OpenCAGELevelViewer.h">
      <Filter>Header Files</Filter>
    </ClInclude>
    <ClInclude Include="WebsocketThread.h">
      <Filter>Header Files</Filter>
    </ClInclude>
    <ClInclude Include="3DView.h">
      <Filter>Header Files</Filter>
    </ClInclude>
    <ClInclude Include="Shader.h">
      <Filter>Header Files\3D View</Filter>
    </ClInclude>
  </ItemGroup>
  <ItemGroup>
    <None Include="vcpkg-configuration.json" />
    <None Include="vcpkg.json" />
    <None Include="VertexShader.vert">
      <Filter>Resource Files</Filter>
    </None>
    <None Include="FragmentShader.frag">
      <Filter>Resource Files</Filter>
    </None>
    <None Include="AxisFragmentShaderX.frag">
      <Filter>Resource Files</Filter>
    </None>
    <None Include="AxisFragmentShaderY.frag">
      <Filter>Resource Files</Filter>
    </None>
    <None Include="AxisFragmentShaderZ.frag">
      <Filter>Resource Files</Filter>
    </None>
    <None Include="AxisArrow.obj">
      <Filter>Resource Files</Filter>
    </None>
  </ItemGroup>
</Project>